{
  "name": "baberu-taste",
  "lockfileVersion": 3,
  "requires": true,
  "packages": {
    "": {
      "name": "baberu-taste",
      "workspaces": [
        "apps/*",
        "packages/*"
      ]
    },
    "apps/api": {
      "name": "baberu-api"
    },
    "apps/web": {
      "name": "baberu-web"
    },
    "node_modules/baberu-api": {
      "resolved": "apps/api",
      "link": true
    },
    "node_modules/baberu-web": {
      "resolved": "apps/web",
      "link": true
    }
  }
}
